
Microsoft Visual Studio Solution File, Format Version 12.00
# Visual Studio 15
VisualStudioVersion = 15.0.28307.757
MinimumVisualStudioVersion = 10.0.40219.1
Project("{8BC9CEB8-8B4A-11D0-8D11-00A0C91BC942}") = "1 laba OOP (4 sem)", "1 laba OOP (4 sem)\1 laba OOP (4 sem).vcxproj", "{0FBC231C-BA84-4461-8DB4-3E86CC748978}"
EndProject
Global
	GlobalSection(SolutionConfigurationPlatforms) = preSolution
		Debug|x64 = Debug|x64
		Debug|x86 = Debug|x86
		Release|x64 = Release|x64
		Release|x86 = Release|x86
	EndGlobalSection
	GlobalSection(ProjectConfigurationPlatforms) = postSolution
		{0FBC231C-BA84-4461-8DB4-3E86CC748978}.Debug|x64.ActiveCfg = Debug|x64
		{0FBC231C-BA84-4461-8DB4-3E86CC748978}.Debug|x64.Build.0 = Debug|x64
		{0FBC231C-BA84-4461-8DB4-3E86CC748978}.Debug|x86.ActiveCfg = Debug|Win32
		{0FBC231C-BA84-4461-8DB4-3E86CC748978}.Debug|x86.Build.0 = Debug|Win32
		{0FBC231C-BA84-4461-8DB4-3E86CC748978}.Release|x64.ActiveCfg = Release|x64
		{0FBC231C-BA84-4461-8DB4-3E86CC748978}.Release|x64.Build.0 = Release|x64
		{0FBC231C-BA84-4461-8DB4-3E86CC748978}.Release|x86.ActiveCfg = Release|Win32
		{0FBC231C-BA84-4461-8DB4-3E86CC748978}.Release|x86.Build.0 = Release|Win32
	EndGlobalSection
	GlobalSection(SolutionProperties) = preSolution
		HideSolutionNode = FALSE
	EndGlobalSection
	GlobalSection(ExtensibilityGlobals) = postSolution
		SolutionGuid = {12645F08-1A9F-4880-842F-586A535A7C30}
	EndGlobalSection
EndGlobal
